
Microsoft Visual Studio Solution File, Format Version 12.00
# Visual Studio Version 17
VisualStudioVersion = 17.7.34018.315
MinimumVisualStudioVersion = 10.0.40219.1
Project("{FAE04EC0-301F-11D3-BF4B-00C04F79EFBC}") = "Sintaxis C#", "Sintaxis C#\Sintaxis C#.csproj", "{A45FA912-53A5-4B38-A84E-19BDB9FAB02F}"
EndProject
Project("{FAE04EC0-301F-11D3-BF4B-00C04F79EFBC}") = "Condicionales", "Condicionales\Condicionales.csproj", "{E6F2FF19-BBEE-467E-BAA1-04202278FD16}"
EndProject
Global
	GlobalSection(SolutionConfigurationPlatforms) = preSolution
		Debug|Any CPU = Debug|Any CPU
		Release|Any CPU = Release|Any CPU
	EndGlobalSection
	GlobalSection(ProjectConfigurationPlatforms) = postSolution
		{A45FA912-53A5-4B38-A84E-19BDB9FAB02F}.Debug|Any CPU.ActiveCfg = Debug|Any CPU
		{A45FA912-53A5-4B38-A84E-19BDB9FAB02F}.Debug|Any CPU.Build.0 = Debug|Any CPU
		{A45FA912-53A5-4B38-A84E-19BDB9FAB02F}.Release|Any CPU.ActiveCfg = Release|Any CPU
		{A45FA912-53A5-4B38-A84E-19BDB9FAB02F}.Release|Any CPU.Build.0 = Release|Any CPU
		{E6F2FF19-BBEE-467E-BAA1-04202278FD16}.Debug|Any CPU.ActiveCfg = Debug|Any CPU
		{E6F2FF19-BBEE-467E-BAA1-04202278FD16}.Debug|Any CPU.Build.0 = Debug|Any CPU
		{E6F2FF19-BBEE-467E-BAA1-04202278FD16}.Release|Any CPU.ActiveCfg = Release|Any CPU
		{E6F2FF19-BBEE-467E-BAA1-04202278FD16}.Release|Any CPU.Build.0 = Release|Any CPU
	EndGlobalSection
	GlobalSection(SolutionProperties) = preSolution
		HideSolutionNode = FALSE
	EndGlobalSection
	GlobalSection(ExtensibilityGlobals) = postSolution
		SolutionGuid = {2DF0743F-578F-4852-AD7A-7A6F9BC9DB84}
	EndGlobalSection
EndGlobal
